// !$*UTF8*$!
{
	archiveVersion = 1;
	classes = {
	};
	objectVersion = 55;
	objects = {

/* Begin PBXBuildFile section */
		4273D04627EC673900D04DFC /* Server_Side_Swift_TutorialApp.swift in Sources */ = {isa = PBXBuildFile; fileRef = 4273D04527EC673900D04DFC /* Server_Side_Swift_TutorialApp.swift */; };
		4273D04827EC673900D04DFC /* SongList.swift in Sources */ = {isa = PBXBuildFile; fileRef = 4273D04727EC673900D04DFC /* SongList.swift */; };
		4273D04A27EC673B00D04DFC /* Assets.xcassets in Resources */ = {isa = PBXBuildFile; fileRef = 4273D04927EC673B00D04DFC /* Assets.xcassets */; };
		4273D04D27EC673B00D04DFC /* Preview Assets.xcassets in Resources */ = {isa = PBXBuildFile; fileRef = 4273D04C27EC673B00D04DFC /* Preview Assets.xcassets */; };
		4273D05827EC67CF00D04DFC /* Song.swift in Sources */ = {isa = PBXBuildFile; fileRef = 4273D05727EC67CF00D04DFC /* Song.swift */; };
		4273D05A27EC686900D04DFC /* SongListViewModel.swift in Sources */ = {isa = PBXBuildFile; fileRef = 4273D05927EC686900D04DFC /* SongListViewModel.swift */; };
		4273D05C27EC69D100D04DFC /* HttpClient.swift in Sources */ = {isa = PBXBuildFile; fileRef = 4273D05B27EC69D100D04DFC /* HttpClient.swift */; };
		4273D05E27EC6B9500D04DFC /* Constants.swift in Sources */ = {isa = PBXBuildFile; fileRef = 4273D05D27EC6B9500D04DFC /* Constants.swift */; };
		4273D06027EDC73600D04DFC /* ModalType.swift in Sources */ = {isa = PBXBuildFile; fileRef = 4273D05F27EDC73600D04DFC /* ModalType.swift */; };
		4273D06227EDC82D00D04DFC /* AddUpdateSong.swift in Sources */ = {isa = PBXBuildFile; fileRef = 4273D06127EDC82D00D04DFC /* AddUpdateSong.swift */; };
		4273D06427EDC86100D04DFC /* AddUpdateSongViewModel.swift in Sources */ = {isa = PBXBuildFile; fileRef = 4273D06327EDC86100D04DFC /* AddUpdateSongViewModel.swift */; };
/* End PBXBuildFile section */

/* Begin PBXFileReference section */
		4273D04227EC673900D04DFC /* Server Side Swift Tutorial.app */ = {isa = PBXFileReference; explicitFileType = wrapper.application; includeInIndex = 0; path = "Server Side Swift Tutorial.app"; sourceTree = BUILT_PRODUCTS_DIR; };
		4273D04527EC673900D04DFC /* Server_Side_Swift_TutorialApp.swift */ = {isa = PBXFileReference; lastKnownFileType = sourcecode.swift; path = Server_Side_Swift_TutorialApp.swift; sourceTree = "<group>"; };
		4273D04727EC673900D04DFC /* SongList.swift */ = {isa = PBXFileReference; lastKnownFileType = sourcecode.swift; path = SongList.swift; sourceTree = "<group>"; };
		4273D04927EC673B00D04DFC /* Assets.xcassets */ = {isa = PBXFileReference; lastKnownFileType = folder.assetcatalog; path = Assets.xcassets; sourceTree = "<group>"; };
		4273D04C27EC673B00D04DFC /* Preview Assets.xcassets */ = {isa = PBXFileReference; lastKnownFileType = folder.assetcatalog; path = "Preview Assets.xcassets"; sourceTree = "<group>"; };
		4273D05727EC67CF00D04DFC /* Song.swift */ = {isa = PBXFileReference; lastKnownFileType = sourcecode.swift; path = Song.swift; sourceTree = "<group>"; };
		4273D05927EC686900D04DFC /* SongListViewModel.swift */ = {isa = PBXFileReference; lastKnownFileType = sourcecode.swift; path = SongListViewModel.swift; sourceTree = "<group>"; };
		4273D05B27EC69D100D04DFC /* HttpClient.swift */ = {isa = PBXFileReference; lastKnownFileType = sourcecode.swift; path = HttpClient.swift; sourceTree = "<group>"; };
		4273D05D27EC6B9500D04DFC /* Constants.swift */ = {isa = PBXFileReference; lastKnownFileType = sourcecode.swift; path = Constants.swift; sourceTree = "<group>"; };
		4273D05F27EDC73600D04DFC /* ModalType.swift */ = {isa = PBXFileReference; lastKnownFileType = sourcecode.swift; path = ModalType.swift; sourceTree = "<group>"; };
		4273D06127EDC82D00D04DFC /* AddUpdateSong.swift */ = {isa = PBXFileReference; lastKnownFileType = sourcecode.swift; path = AddUpdateSong.swift; sourceTree = "<group>"; };
		4273D06327EDC86100D04DFC /* AddUpdateSongViewModel.swift */ = {isa = PBXFileReference; lastKnownFileType = sourcecode.swift; path = AddUpdateSongViewModel.swift; sourceTree = "<group>"; };
/* End PBXFileReference section */

/* Begin PBXFrameworksBuildPhase section */
		4273D03F27EC673900D04DFC /* Frameworks */ = {
			isa = PBXFrameworksBuildPhase;
			buildActionMask = 2147483647;
			files = (
			);
			runOnlyForDeploymentPostprocessing = 0;
		};
/* End PBXFrameworksBuildPhase section */

/* Begin PBXGroup section */
		4273D03927EC673800D04DFC = {
			isa = PBXGroup;
			children = (
				4273D04427EC673900D04DFC /* Server Side Swift Tutorial */,
				4273D04327EC673900D04DFC /* Products */,
			);
			sourceTree = "<group>";
		};
		4273D04327EC673900D04DFC /* Products */ = {
			isa = PBXGroup;
			children = (
				4273D04227EC673900D04DFC /* Server Side Swift Tutorial.app */,
			);
			name = Products;
			sourceTree = "<group>";
		};
		4273D04427EC673900D04DFC /* Server Side Swift Tutorial */ = {
			isa = PBXGroup;
			children = (
				4273D05327EC676100D04DFC /* Models */,
				4273D05527EC677700D04DFC /* Views */,
				4273D05427EC676E00D04DFC /* View Models */,
				4273D05627EC678D00D04DFC /* Utilities */,
				4273D04527EC673900D04DFC /* Server_Side_Swift_TutorialApp.swift */,
				4273D04927EC673B00D04DFC /* Assets.xcassets */,
				4273D04B27EC673B00D04DFC /* Preview Content */,
			);
			path = "Server Side Swift Tutorial";
			sourceTree = "<group>";
		};
		4273D04B27EC673B00D04DFC /* Preview Content */ = {
			isa = PBXGroup;
			children = (
				4273D04C27EC673B00D04DFC /* Preview Assets.xcassets */,
			);
			path = "Preview Content";
			sourceTree = "<group>";
		};
		4273D05327EC676100D04DFC /* Models */ = {
			isa = PBXGroup;
			children = (
				4273D05727EC67CF00D04DFC /* Song.swift */,
			);
			path = Models;
			sourceTree = "<group>";
		};
		4273D05427EC676E00D04DFC /* View Models */ = {
			isa = PBXGroup;
			children = (
				4273D05927EC686900D04DFC /* SongListViewModel.swift */,
				4273D06327EDC86100D04DFC /* AddUpdateSongViewModel.swift */,
			);
			path = "View Models";
			sourceTree = "<group>";
		};
		4273D05527EC677700D04DFC /* Views */ = {
			isa = PBXGroup;
			children = (
				4273D04727EC673900D04DFC /* SongList.swift */,
				4273D06127EDC82D00D04DFC /* AddUpdateSong.swift */,
			);
			path = Views;
			sourceTree = "<group>";
		};
		4273D05627EC678D00D04DFC /* Utilities */ = {
			isa = PBXGroup;
			children = (
				4273D05B27EC69D100D04DFC /* HttpClient.swift */,
				4273D05D27EC6B9500D04DFC /* Constants.swift */,
				4273D05F27EDC73600D04DFC /* ModalType.swift */,
			);
			path = Utilities;
			sourceTree = "<group>";
		};
/* End PBXGroup section */

/* Begin PBXNativeTarget section */
		4273D04127EC673900D04DFC /* Server Side Swift Tutorial */ = {
			isa = PBXNativeTarget;
			buildConfigurationList = 4273D05027EC673B00D04DFC /* Build configuration list for PBXNativeTarget "Server Side Swift Tutorial" */;
			buildPhases = (
				4273D03E27EC673900D04DFC /* Sources */,
				4273D03F27EC673900D04DFC /* Frameworks */,
				4273D04027EC673900D04DFC /* Resources */,
			);
			buildRules = (
			);
			dependencies = (
			);
			name = "Server Side Swift Tutorial";
			productName = "Server Side Swift Tutorial";
			productReference = 4273D04227EC673900D04DFC /* Server Side Swift Tutorial.app */;
			productType = "com.apple.product-type.application";
		};
/* End PBXNativeTarget section */

/* Begin PBXProject section */
		4273D03A27EC673800D04DFC /* Project object */ = {
			isa = PBXProject;
			attributes = {
				BuildIndependentTargetsInParallel = 1;
				LastSwiftUpdateCheck = 1330;
				LastUpgradeCheck = 1330;
				TargetAttributes = {
					4273D04127EC673900D04DFC = {
						CreatedOnToolsVersion = 13.3;
					};
				};
			};
			buildConfigurationList = 4273D03D27EC673800D04DFC /* Build configuration list for PBXProject "Server Side Swift Tutorial" */;
			compatibilityVersion = "Xcode 13.0";
			developmentRegion = en;
			hasScannedForEncodings = 0;
			knownRegions = (
				en,
				Base,
			);
			mainGroup = 4273D03927EC673800D04DFC;
			productRefGroup = 4273D04327EC673900D04DFC /* Products */;
			projectDirPath = "";
			projectRoot = "";
			targets = (
				4273D04127EC673900D04DFC /* Server Side Swift Tutorial */,
			);
		};
/* End PBXProject section */

/* Begin PBXResourcesBuildPhase section */
		4273D04027EC673900D04DFC /* Resources */ = {
			isa = PBXResourcesBuildPhase;
			buildActionMask = 2147483647;
			files = (
				4273D04D27EC673B00D04DFC /* Preview Assets.xcassets in Resources */,
				4273D04A27EC673B00D04DFC /* Assets.xcassets in Resources */,
			);
			runOnlyForDeploymentPostprocessing = 0;
		};
/* End PBXResourcesBuildPhase section */

/* Begin PBXSourcesBuildPhase section */
		4273D03E27EC673900D04DFC /* Sources */ = {
			isa = PBXSourcesBuildPhase;
			buildActionMask = 2147483647;
			files = (
				4273D05C27EC69D100D04DFC /* HttpClient.swift in Sources */,
				4273D06427EDC86100D04DFC /* AddUpdateSongViewModel.swift in Sources */,
				4273D06227EDC82D00D04DFC /* AddUpdateSong.swift in Sources */,
				4273D06027EDC73600D04DFC /* ModalType.swift in Sources */,
				4273D05827EC67CF00D04DFC /* Song.swift in Sources */,
				4273D05A27EC686900D04DFC /* SongListViewModel.swift in Sources */,
				4273D04827EC673900D04DFC /* SongList.swift in Sources */,
				4273D04627EC673900D04DFC /* Server_Side_Swift_TutorialApp.swift in Sources */,
				4273D05E27EC6B9500D04DFC /* Constants.swift in Sources */,
			);
			runOnlyForDeploymentPostprocessing = 0;
		};
/* End PBXSourcesBuildPhase section */

/* Begin XCBuildConfiguration section */
		4273D04E27EC673B00D04DFC /* Debug */ = {
			isa = XCBuildConfiguration;
			buildSettings = {
				ALWAYS_SEARCH_USER_PATHS = NO;
				CLANG_ANALYZER_NONNULL = YES;
				CLANG_ANALYZER_NUMBER_OBJECT_CONVERSION = YES_AGGRESSIVE;
				CLANG_CXX_LANGUAGE_STANDARD = "gnu++17";
				CLANG_ENABLE_MODULES = YES;
				CLANG_ENABLE_OBJC_ARC = YES;
				CLANG_ENABLE_OBJC_WEAK = YES;
				CLANG_WARN_BLOCK_CAPTURE_AUTORELEASING = YES;
				CLANG_WARN_BOOL_CONVERSION = YES;
				CLANG_WARN_COMMA = YES;
				CLANG_WARN_CONSTANT_CONVERSION = YES;
				CLANG_WARN_DEPRECATED_OBJC_IMPLEMENTATIONS = YES;
				CLANG_WARN_DIRECT_OBJC_ISA_USAGE = YES_ERROR;
				CLANG_WARN_DOCUMENTATION_COMMENTS = YES;
				CLANG_WARN_EMPTY_BODY = YES;
				CLANG_WARN_ENUM_CONVERSION = YES;
				CLANG_WARN_INFINITE_RECURSION = YES;
				CLANG_WARN_INT_CONVERSION = YES;
				CLANG_WARN_NON_LITERAL_NULL_CONVERSION = YES;
				CLANG_WARN_OBJC_IMPLICIT_RETAIN_SELF = YES;
				CLANG_WARN_OBJC_LITERAL_CONVERSION = YES;
				CLANG_WARN_OBJC_ROOT_CLASS = YES_ERROR;
				CLANG_WARN_QUOTED_INCLUDE_IN_FRAMEWORK_HEADER = YES;
				CLANG_WARN_RANGE_LOOP_ANALYSIS = YES;
				CLANG_WARN_STRICT_PROTOTYPES = YES;
				CLANG_WARN_SUSPICIOUS_MOVE = YES;
				CLANG_WARN_UNGUARDED_AVAILABILITY = YES_AGGRESSIVE;
				CLANG_WARN_UNREACHABLE_CODE = YES;
				CLANG_WARN__DUPLICATE_METHOD_MATCH = YES;
				COPY_PHASE_STRIP = NO;
				DEBUG_INFORMATION_FORMAT = dwarf;
				ENABLE_STRICT_OBJC_MSGSEND = YES;
				ENABLE_TESTABILITY = YES;
				GCC_C_LANGUAGE_STANDARD = gnu11;
				GCC_DYNAMIC_NO_PIC = NO;
				GCC_NO_COMMON_BLOCKS = YES;
				GCC_OPTIMIZATION_LEVEL = 0;
				GCC_PREPROCESSOR_DEFINITIONS = (
					"DEBUG=1",
					"$(inherited)",
				);
				GCC_WARN_64_TO_32_BIT_CONVERSION = YES;
				GCC_WARN_ABOUT_RETURN_TYPE = YES_ERROR;
				GCC_WARN_UNDECLARED_SELECTOR = YES;
				GCC_WARN_UNINITIALIZED_AUTOS = YES_AGGRESSIVE;
				GCC_WARN_UNUSED_FUNCTION = YES;
				GCC_WARN_UNUSED_VARIABLE = YES;
				IPHONEOS_DEPLOYMENT_TARGET = 15.4;
				MTL_ENABLE_DEBUG_INFO = INCLUDE_SOURCE;
				MTL_FAST_MATH = YES;
				ONLY_ACTIVE_ARCH = YES;
				SDKROOT = iphoneos;
				SWIFT_ACTIVE_COMPILATION_CONDITIONS = DEBUG;
				SWIFT_OPTIMIZATION_LEVEL = "-Onone";
			};
			name = Debug;
		};
		4273D04F27EC673B00D04DFC /* Release */ = {
			isa = XCBuildConfiguration;
			buildSettings = {
				ALWAYS_SEARCH_USER_PATHS = NO;
				CLANG_ANALYZER_NONNULL = YES;
				CLANG_ANALYZER_NUMBER_OBJECT_CONVERSION = YES_AGGRESSIVE;
				CLANG_CXX_LANGUAGE_STANDARD = "gnu++17";
				CLANG_ENABLE_MODULES = YES;
				CLANG_ENABLE_OBJC_ARC = YES;
				CLANG_ENABLE_OBJC_WEAK = YES;
				CLANG_WARN_BLOCK_CAPTURE_AUTORELEASING = YES;
				CLANG_WARN_BOOL_CONVERSION = YES;
				CLANG_WARN_COMMA = YES;
				CLANG_WARN_CONSTANT_CONVERSION = YES;
				CLANG_WARN_DEPRECATED_OBJC_IMPLEMENTATIONS = YES;
				CLANG_WARN_DIRECT_OBJC_ISA_USAGE = YES_ERROR;
				CLANG_WARN_DOCUMENTATION_COMMENTS = YES;
				CLANG_WARN_EMPTY_BODY = YES;
				CLANG_WARN_ENUM_CONVERSION = YES;
				CLANG_WARN_INFINITE_RECURSION = YES;
				CLANG_WARN_INT_CONVERSION = YES;
				CLANG_WARN_NON_LITERAL_NULL_CONVERSION = YES;
				CLANG_WARN_OBJC_IMPLICIT_RETAIN_SELF = YES;
				CLANG_WARN_OBJC_LITERAL_CONVERSION = YES;
				CLANG_WARN_OBJC_ROOT_CLASS = YES_ERROR;
				CLANG_WARN_QUOTED_INCLUDE_IN_FRAMEWORK_HEADER = YES;
				CLANG_WARN_RANGE_LOOP_ANALYSIS = YES;
				CLANG_WARN_STRICT_PROTOTYPES = YES;
				CLANG_WARN_SUSPICIOUS_MOVE = YES;
				CLANG_WARN_UNGUARDED_AVAILABILITY = YES_AGGRESSIVE;
				CLANG_WARN_UNREACHABLE_CODE = YES;
				CLANG_WARN__DUPLICATE_METHOD_MATCH = YES;
				COPY_PHASE_STRIP = NO;
				DEBUG_INFORMATION_FORMAT = "dwarf-with-dsym";
				ENABLE_NS_ASSERTIONS = NO;
				ENABLE_STRICT_OBJC_MSGSEND = YES;
				GCC_C_LANGUAGE_STANDARD = gnu11;
				GCC_NO_COMMON_BLOCKS = YES;
				GCC_WARN_64_TO_32_BIT_CONVERSION = YES;
				GCC_WARN_ABOUT_RETURN_TYPE = YES_ERROR;
				GCC_WARN_UNDECLARED_SELECTOR = YES;
				GCC_WARN_UNINITIALIZED_AUTOS = YES_AGGRESSIVE;
				GCC_WARN_UNUSED_FUNCTION = YES;
				GCC_WARN_UNUSED_VARIABLE = YES;
				IPHONEOS_DEPLOYMENT_TARGET = 15.4;
				MTL_ENABLE_DEBUG_INFO = NO;
				MTL_FAST_MATH = YES;
				SDKROOT = iphoneos;
				SWIFT_COMPILATION_MODE = wholemodule;
				SWIFT_OPTIMIZATION_LEVEL = "-O";
				VALIDATE_PRODUCT = YES;
			};
			name = Release;
		};
		4273D05127EC673B00D04DFC /* Debug */ = {
			isa = XCBuildConfiguration;
			buildSettings = {
				ASSETCATALOG_COMPILER_APPICON_NAME = AppIcon;
				ASSETCATALOG_COMPILER_GLOBAL_ACCENT_COLOR_NAME = AccentColor;
				CODE_SIGN_STYLE = Automatic;
				CURRENT_PROJECT_VERSION = 1;
				DEVELOPMENT_ASSET_PATHS = "\"Server Side Swift Tutorial/Preview Content\"";
				DEVELOPMENT_TEAM = K9XF2XXRVY;
				ENABLE_PREVIEWS = YES;
				GENERATE_INFOPLIST_FILE = YES;
				INFOPLIST_KEY_UIApplicationSceneManifest_Generation = YES;
				INFOPLIST_KEY_UIApplicationSupportsIndirectInputEvents = YES;
				INFOPLIST_KEY_UILaunchScreen_Generation = YES;
				INFOPLIST_KEY_UISupportedInterfaceOrientations_iPad = "UIInterfaceOrientationPortrait UIInterfaceOrientationPortraitUpsideDown UIInterfaceOrientationLandscapeLeft UIInterfaceOrientationLandscapeRight";
				INFOPLIST_KEY_UISupportedInterfaceOrientations_iPhone = "UIInterfaceOrientationPortrait UIInterfaceOrientationLandscapeLeft UIInterfaceOrientationLandscapeRight";
				LD_RUNPATH_SEARCH_PATHS = (
					"$(inherited)",
					"@executable_path/Frameworks",
				);
				MARKETING_VERSION = 1.0;
				PRODUCT_BUNDLE_IDENTIFIER = "com.mauromonti.Server-Side-Swift-Tutorial";
				PRODUCT_NAME = "$(TARGET_NAME)";
				SWIFT_EMIT_LOC_STRINGS = YES;
				SWIFT_VERSION = 5.0;
				TARGETED_DEVICE_FAMILY = "1,2";
			};
			name = Debug;
		};
		4273D05227EC673B00D04DFC /* Release */ = {
			isa = XCBuildConfiguration;
			buildSettings = {
				ASSETCATALOG_COMPILER_APPICON_NAME = AppIcon;
				ASSETCATALOG_COMPILER_GLOBAL_ACCENT_COLOR_NAME = AccentColor;
				CODE_SIGN_STYLE = Automatic;
				CURRENT_PROJECT_VERSION = 1;
				DEVELOPMENT_ASSET_PATHS = "\"Server Side Swift Tutorial/Preview Content\"";
				DEVELOPMENT_TEAM = K9XF2XXRVY;
				ENABLE_PREVIEWS = YES;
				GENERATE_INFOPLIST_FILE = YES;
				INFOPLIST_KEY_UIApplicationSceneManifest_Generation = YES;
				INFOPLIST_KEY_UIApplicationSupportsIndirectInputEvents = YES;
				INFOPLIST_KEY_UILaunchScreen_Generation = YES;
				INFOPLIST_KEY_UISupportedInterfaceOrientations_iPad = "UIInterfaceOrientationPortrait UIInterfaceOrientationPortraitUpsideDown UIInterfaceOrientationLandscapeLeft UIInterfaceOrientationLandscapeRight";
				INFOPLIST_KEY_UISupportedInterfaceOrientations_iPhone = "UIInterfaceOrientationPortrait UIInterfaceOrientationLandscapeLeft UIInterfaceOrientationLandscapeRight";
				LD_RUNPATH_SEARCH_PATHS = (
					"$(inherited)",
					"@executable_path/Frameworks",
				);
				MARKETING_VERSION = 1.0;
				PRODUCT_BUNDLE_IDENTIFIER = "com.mauromonti.Server-Side-Swift-Tutorial";
				PRODUCT_NAME = "$(TARGET_NAME)";
				SWIFT_EMIT_LOC_STRINGS = YES;
				SWIFT_VERSION = 5.0;
				TARGETED_DEVICE_FAMILY = "1,2";
			};
			name = Release;
		};
/* End XCBuildConfiguration section */

/* Begin XCConfigurationList section */
		4273D03D27EC673800D04DFC /* Build configuration list for PBXProject "Server Side Swift Tutorial" */ = {
			isa = XCConfigurationList;
			buildConfigurations = (
				4273D04E27EC673B00D04DFC /* Debug */,
				4273D04F27EC673B00D04DFC /* Release */,
			);
			defaultConfigurationIsVisible = 0;
			defaultConfigurationName = Release;
		};
		4273D05027EC673B00D04DFC /* Build configuration list for PBXNativeTarget "Server Side Swift Tutorial" */ = {
			isa = XCConfigurationList;
			buildConfigurations = (
				4273D05127EC673B00D04DFC /* Debug */,
				4273D05227EC673B00D04DFC /* Release */,
			);
			defaultConfigurationIsVisible = 0;
			defaultConfigurationName = Release;
		};
/* End XCConfigurationList section */
	};
	rootObject = 4273D03A27EC673800D04DFC /* Project object */;
}
